{
  "name": "Compass",
  "lockfileVersion": 3,
  "requires": true,
  "packages": {
    "": {
      "dependencies": {
        "peaks.js": "^3.3.0"
      }
    },
    "node_modules/eventemitter3": {
      "version": "5.0.1",
      "resolved": "https://registry.npmjs.org/eventemitter3/-/eventemitter3-5.0.1.tgz",
      "integrity": "sha512-GWkBvjiSZK87ELrYOSESUYeVIc9mvLLf/nXalMOS5dYrgZq9o5OVkbZAVM06CVxYsCwH9BDZFPlQTlPA1j4ahA=="
    },
    "node_modules/konva": {
      "version": "9.3.6",
      "resolved": "https://registry.npmjs.org/konva/-/konva-9.3.6.tgz",
      "integrity": "sha512-dqR8EbcM0hjuilZCBP6xauQ5V3kH3m9kBcsDkqPypQuRgsXbcXUrxqYxhNbdvKZpYNW8Amq94jAD/C0NY3qfBQ==",
      "funding": [
        {
          "type": "patreon",
          "url": "https://www.patreon.com/lavrton"
        },
        {
          "type": "opencollective",
          "url": "https://opencollective.com/konva"
        },
        {
          "type": "github",
          "url": "https://github.com/sponsors/lavrton"
        }
      ],
      "peer": true
    },
    "node_modules/peaks.js": {
      "version": "3.3.0",
      "resolved": "https://registry.npmjs.org/peaks.js/-/peaks.js-3.3.0.tgz",
      "integrity": "sha512-O6QnA0Vxgv1T7cL9sOdkyu2jiFuprPdoRZef/Hwn6Zjsrr8fptXxUtnBKUlaM8OlZvDoURasI2Uta+asYrXeeg==",
      "dependencies": {
        "eventemitter3": "~5.0.1"
      },
      "engines": {
        "node": ">= 8.11.2"
      },
      "peerDependencies": {
        "konva": ">= 8.3.14 < 10",
        "waveform-data": ">= 4.3.0 < 5"
      }
    },
    "node_modules/waveform-data": {
      "version": "4.5.0",
      "resolved": "https://registry.npmjs.org/waveform-data/-/waveform-data-4.5.0.tgz",
      "integrity": "sha512-fLT8yLGUuVhDBMVVOD2AGqHlLLVT/zfGlSIKgfqMCwFJGtkvY9eEhu0EL9W55lFJQt4r53X5Ncj86ymTGJlJTA==",
      "peer": true
    }
  }
}
