{
  "name": "Compass",
  "lockfileVersion": 3,
  "requires": true,
  "packages": {
    "": {
      "dependencies": {
        "konva": "^9.3.6",
        "localforage": "^1.10.0",
        "peaks.js": "^3.3.0",
        "waveform-data": "^4.5.0",
        "waveform.js": "^1.0.0",
        "wavesurfer.js": "^7.7.5"
      }
    },
    "node_modules/eventemitter3": {
      "version": "5.0.1",
      "resolved": "https://registry.npmjs.org/eventemitter3/-/eventemitter3-5.0.1.tgz",
      "integrity": "sha512-GWkBvjiSZK87ELrYOSESUYeVIc9mvLLf/nXalMOS5dYrgZq9o5OVkbZAVM06CVxYsCwH9BDZFPlQTlPA1j4ahA=="
    },
    "node_modules/immediate": {
      "version": "3.0.6",
      "resolved": "https://registry.npmjs.org/immediate/-/immediate-3.0.6.tgz",
      "integrity": "sha512-XXOFtyqDjNDAQxVfYxuF7g9Il/IbWmmlQg2MYKOH8ExIT1qg6xc4zyS3HaEEATgs1btfzxq15ciUiY7gjSXRGQ=="
    },
    "node_modules/konva": {
      "version": "9.3.6",
      "resolved": "https://registry.npmjs.org/konva/-/konva-9.3.6.tgz",
      "integrity": "sha512-dqR8EbcM0hjuilZCBP6xauQ5V3kH3m9kBcsDkqPypQuRgsXbcXUrxqYxhNbdvKZpYNW8Amq94jAD/C0NY3qfBQ==",
      "funding": [
        {
          "type": "patreon",
          "url": "https://www.patreon.com/lavrton"
        },
        {
          "type": "opencollective",
          "url": "https://opencollective.com/konva"
        },
        {
          "type": "github",
          "url": "https://github.com/sponsors/lavrton"
        }
      ]
    },
    "node_modules/lie": {
      "version": "3.1.1",
      "resolved": "https://registry.npmjs.org/lie/-/lie-3.1.1.tgz",
      "integrity": "sha512-RiNhHysUjhrDQntfYSfY4MU24coXXdEOgw9WGcKHNeEwffDYbF//u87M1EWaMGzuFoSbqW0C9C6lEEhDOAswfw==",
      "dependencies": {
        "immediate": "~3.0.5"
      }
    },
    "node_modules/localforage": {
      "version": "1.10.0",
      "resolved": "https://registry.npmjs.org/localforage/-/localforage-1.10.0.tgz",
      "integrity": "sha512-14/H1aX7hzBBmmh7sGPd+AOMkkIrHM3Z1PAyGgZigA1H1p5O5ANnMyWzvpAETtG68/dC4pC0ncy3+PPGzXZHPg==",
      "dependencies": {
        "lie": "3.1.1"
      }
    },
    "node_modules/peaks.js": {
      "version": "3.3.0",
      "resolved": "https://registry.npmjs.org/peaks.js/-/peaks.js-3.3.0.tgz",
      "integrity": "sha512-O6QnA0Vxgv1T7cL9sOdkyu2jiFuprPdoRZef/Hwn6Zjsrr8fptXxUtnBKUlaM8OlZvDoURasI2Uta+asYrXeeg==",
      "dependencies": {
        "eventemitter3": "~5.0.1"
      },
      "engines": {
        "node": ">= 8.11.2"
      },
      "peerDependencies": {
        "konva": ">= 8.3.14 < 10",
        "waveform-data": ">= 4.3.0 < 5"
      }
    },
    "node_modules/waveform-data": {
      "version": "4.5.0",
      "resolved": "https://registry.npmjs.org/waveform-data/-/waveform-data-4.5.0.tgz",
      "integrity": "sha512-fLT8yLGUuVhDBMVVOD2AGqHlLLVT/zfGlSIKgfqMCwFJGtkvY9eEhu0EL9W55lFJQt4r53X5Ncj86ymTGJlJTA=="
    },
    "node_modules/waveform.js": {
      "version": "1.0.0",
      "resolved": "https://registry.npmjs.org/waveform.js/-/waveform.js-1.0.0.tgz",
      "integrity": "sha512-s1pGU8oTTq9Zq0LHPNGGD5nz7C205huqS+XcIi4nQ6n7PJg5PGekMGyp3W11LcN0UwhZT9Ogf2Eoo62/dVwCYg=="
    },
    "node_modules/wavesurfer.js": {
      "version": "7.7.5",
      "resolved": "https://registry.npmjs.org/wavesurfer.js/-/wavesurfer.js-7.7.5.tgz",
      "integrity": "sha512-LegTsXbIwbpAp4IbE+yltF+behavUp4OufpPHCWA+NYqv0+Y3T2M1y6MrdF/QmfYnb7ZiUsOLXtSHe2OhgCPiw=="
    }
  }
}
